# This file is automatically @generated by Cargo.
# It is not intended for manual editing.
version = 4

[[package]]
name = "sorrel_cli"
version = "0.1.0"

[[package]]
name = "sorrel_config"
version = "0.1.0"

[[package]]
name = "sorrel_core"
version = "0.1.0"

[[package]]
name = "sorrel_store"
version = "0.1.0"
